// !$*UTF8*$!
{
	archiveVersion = 1;
	classes = {
	};
	objectVersion = 56;
	objects = {

/* Begin PBXBuildFile section */
		D62E45732AF184CF00DBF04B /* FirebaseApp.swift in Sources */ = {isa = PBXBuildFile; fileRef = D62E45722AF184CF00DBF04B /* FirebaseApp.swift */; };
		D6BB00BE2AEAE6060095D7F0 /* RegistrationView.swift in Sources */ = {isa = PBXBuildFile; fileRef = D6BB00BD2AEAE6060095D7F0 /* RegistrationView.swift */; };
		D6BB00C22AEAE73B0095D7F0 /* User.swift in Sources */ = {isa = PBXBuildFile; fileRef = D6BB00C12AEAE73B0095D7F0 /* User.swift */; };
		D6BB00C42AEAE79D0095D7F0 /* Post.swift in Sources */ = {isa = PBXBuildFile; fileRef = D6BB00C32AEAE79D0095D7F0 /* Post.swift */; };
		D6BB00C72AEAE85B0095D7F0 /* FirebaseAnalytics in Frameworks */ = {isa = PBXBuildFile; productRef = D6BB00C62AEAE85B0095D7F0 /* FirebaseAnalytics */; };
		D6BB00C92AEAE85B0095D7F0 /* FirebaseAnalyticsOnDeviceConversion in Frameworks */ = {isa = PBXBuildFile; productRef = D6BB00C82AEAE85B0095D7F0 /* FirebaseAnalyticsOnDeviceConversion */; };
		D6BB00CB2AEAE85B0095D7F0 /* FirebaseAnalyticsSwift in Frameworks */ = {isa = PBXBuildFile; productRef = D6BB00CA2AEAE85B0095D7F0 /* FirebaseAnalyticsSwift */; };
		D6BB00CD2AEAE85B0095D7F0 /* FirebaseAnalyticsWithoutAdIdSupport in Frameworks */ = {isa = PBXBuildFile; productRef = D6BB00CC2AEAE85B0095D7F0 /* FirebaseAnalyticsWithoutAdIdSupport */; };
		D6BB00CF2AEAE85B0095D7F0 /* FirebaseAppCheck in Frameworks */ = {isa = PBXBuildFile; productRef = D6BB00CE2AEAE85B0095D7F0 /* FirebaseAppCheck */; };
		D6BB00D12AEAE85B0095D7F0 /* FirebaseAppDistribution-Beta in Frameworks */ = {isa = PBXBuildFile; productRef = D6BB00D02AEAE85B0095D7F0 /* FirebaseAppDistribution-Beta */; };
		D6BB00D32AEAE85B0095D7F0 /* FirebaseAuth in Frameworks */ = {isa = PBXBuildFile; productRef = D6BB00D22AEAE85B0095D7F0 /* FirebaseAuth */; };
		D6BB00D52AEAE85B0095D7F0 /* FirebaseAuthCombine-Community in Frameworks */ = {isa = PBXBuildFile; productRef = D6BB00D42AEAE85B0095D7F0 /* FirebaseAuthCombine-Community */; };
		D6BB00D72AEAE85B0095D7F0 /* FirebaseCrashlytics in Frameworks */ = {isa = PBXBuildFile; productRef = D6BB00D62AEAE85B0095D7F0 /* FirebaseCrashlytics */; };
		D6BB00D92AEAE85B0095D7F0 /* FirebaseDatabase in Frameworks */ = {isa = PBXBuildFile; productRef = D6BB00D82AEAE85B0095D7F0 /* FirebaseDatabase */; };
		D6BB00DB2AEAE85B0095D7F0 /* FirebaseDatabaseSwift in Frameworks */ = {isa = PBXBuildFile; productRef = D6BB00DA2AEAE85B0095D7F0 /* FirebaseDatabaseSwift */; };
		D6BB00DD2AEAE85B0095D7F0 /* FirebaseDynamicLinks in Frameworks */ = {isa = PBXBuildFile; productRef = D6BB00DC2AEAE85B0095D7F0 /* FirebaseDynamicLinks */; };
		D6BB00DF2AEAE85B0095D7F0 /* FirebaseFirestore in Frameworks */ = {isa = PBXBuildFile; productRef = D6BB00DE2AEAE85B0095D7F0 /* FirebaseFirestore */; };
		D6BB00E12AEAE85B0095D7F0 /* FirebaseFirestoreCombine-Community in Frameworks */ = {isa = PBXBuildFile; productRef = D6BB00E02AEAE85B0095D7F0 /* FirebaseFirestoreCombine-Community */; };
		D6BB00E32AEAE85B0095D7F0 /* FirebaseFirestoreSwift in Frameworks */ = {isa = PBXBuildFile; productRef = D6BB00E22AEAE85B0095D7F0 /* FirebaseFirestoreSwift */; };
		D6BB00E52AEAE85B0095D7F0 /* FirebaseFunctions in Frameworks */ = {isa = PBXBuildFile; productRef = D6BB00E42AEAE85B0095D7F0 /* FirebaseFunctions */; };
		D6BB00E72AEAE85B0095D7F0 /* FirebaseFunctionsCombine-Community in Frameworks */ = {isa = PBXBuildFile; productRef = D6BB00E62AEAE85B0095D7F0 /* FirebaseFunctionsCombine-Community */; };
		D6BB00E92AEAE85B0095D7F0 /* FirebaseInAppMessaging-Beta in Frameworks */ = {isa = PBXBuildFile; productRef = D6BB00E82AEAE85B0095D7F0 /* FirebaseInAppMessaging-Beta */; };
		D6BB00EB2AEAE85B0095D7F0 /* FirebaseInAppMessagingSwift-Beta in Frameworks */ = {isa = PBXBuildFile; productRef = D6BB00EA2AEAE85B0095D7F0 /* FirebaseInAppMessagingSwift-Beta */; };
		D6BB00ED2AEAE85B0095D7F0 /* FirebaseInstallations in Frameworks */ = {isa = PBXBuildFile; productRef = D6BB00EC2AEAE85B0095D7F0 /* FirebaseInstallations */; };
		D6BB00EF2AEAE85B0095D7F0 /* FirebaseMLModelDownloader in Frameworks */ = {isa = PBXBuildFile; productRef = D6BB00EE2AEAE85B0095D7F0 /* FirebaseMLModelDownloader */; };
		D6BB00F12AEAE85B0095D7F0 /* FirebaseMessaging in Frameworks */ = {isa = PBXBuildFile; productRef = D6BB00F02AEAE85B0095D7F0 /* FirebaseMessaging */; };
		D6BB00F32AEAE85B0095D7F0 /* FirebasePerformance in Frameworks */ = {isa = PBXBuildFile; productRef = D6BB00F22AEAE85B0095D7F0 /* FirebasePerformance */; };
		D6BB00F52AEAE85B0095D7F0 /* FirebaseRemoteConfig in Frameworks */ = {isa = PBXBuildFile; productRef = D6BB00F42AEAE85B0095D7F0 /* FirebaseRemoteConfig */; };
		D6BB00F72AEAE85B0095D7F0 /* FirebaseRemoteConfigSwift in Frameworks */ = {isa = PBXBuildFile; productRef = D6BB00F62AEAE85B0095D7F0 /* FirebaseRemoteConfigSwift */; };
		D6BB00F92AEAE85B0095D7F0 /* FirebaseStorage in Frameworks */ = {isa = PBXBuildFile; productRef = D6BB00F82AEAE85B0095D7F0 /* FirebaseStorage */; };
		D6BB00FB2AEAE85B0095D7F0 /* FirebaseStorageCombine-Community in Frameworks */ = {isa = PBXBuildFile; productRef = D6BB00FA2AEAE85B0095D7F0 /* FirebaseStorageCombine-Community */; };
		D6BB00FD2AEAEB460095D7F0 /* DBDocuments.swift in Sources */ = {isa = PBXBuildFile; fileRef = D6BB00FC2AEAEB460095D7F0 /* DBDocuments.swift */; };
		D6FF015C2AE9AE63006CA085 /* Memory_LaneApp.swift in Sources */ = {isa = PBXBuildFile; fileRef = D6FF015B2AE9AE63006CA085 /* Memory_LaneApp.swift */; };
		D6FF015E2AE9AE63006CA085 /* ContentView.swift in Sources */ = {isa = PBXBuildFile; fileRef = D6FF015D2AE9AE63006CA085 /* ContentView.swift */; };
		D6FF01602AE9AE65006CA085 /* Assets.xcassets in Resources */ = {isa = PBXBuildFile; fileRef = D6FF015F2AE9AE65006CA085 /* Assets.xcassets */; };
		D6FF01632AE9AE65006CA085 /* Preview Assets.xcassets in Resources */ = {isa = PBXBuildFile; fileRef = D6FF01622AE9AE65006CA085 /* Preview Assets.xcassets */; };
		D6FF016D2AE9AE66006CA085 /* Memory_LaneTests.swift in Sources */ = {isa = PBXBuildFile; fileRef = D6FF016C2AE9AE66006CA085 /* Memory_LaneTests.swift */; };
		D6FF01772AE9AE66006CA085 /* Memory_LaneUITests.swift in Sources */ = {isa = PBXBuildFile; fileRef = D6FF01762AE9AE66006CA085 /* Memory_LaneUITests.swift */; };
		D6FF01792AE9AE66006CA085 /* Memory_LaneUITestsLaunchTests.swift in Sources */ = {isa = PBXBuildFile; fileRef = D6FF01782AE9AE66006CA085 /* Memory_LaneUITestsLaunchTests.swift */; };
/* End PBXBuildFile section */

/* Begin PBXContainerItemProxy section */
		D6FF01692AE9AE66006CA085 /* PBXContainerItemProxy */ = {
			isa = PBXContainerItemProxy;
			containerPortal = D6FF01502AE9AE63006CA085 /* Project object */;
			proxyType = 1;
			remoteGlobalIDString = D6FF01572AE9AE63006CA085;
			remoteInfo = "Memory Lane";
		};
		D6FF01732AE9AE66006CA085 /* PBXContainerItemProxy */ = {
			isa = PBXContainerItemProxy;
			containerPortal = D6FF01502AE9AE63006CA085 /* Project object */;
			proxyType = 1;
			remoteGlobalIDString = D6FF01572AE9AE63006CA085;
			remoteInfo = "Memory Lane";
		};
/* End PBXContainerItemProxy section */

/* Begin PBXFileReference section */
		D62E45722AF184CF00DBF04B /* FirebaseApp.swift */ = {isa = PBXFileReference; lastKnownFileType = sourcecode.swift; path = FirebaseApp.swift; sourceTree = "<group>"; };
		D6BB00BD2AEAE6060095D7F0 /* RegistrationView.swift */ = {isa = PBXFileReference; lastKnownFileType = sourcecode.swift; path = RegistrationView.swift; sourceTree = "<group>"; };
		D6BB00C12AEAE73B0095D7F0 /* User.swift */ = {isa = PBXFileReference; lastKnownFileType = sourcecode.swift; path = User.swift; sourceTree = "<group>"; };
		D6BB00C32AEAE79D0095D7F0 /* Post.swift */ = {isa = PBXFileReference; lastKnownFileType = sourcecode.swift; path = Post.swift; sourceTree = "<group>"; };
		D6BB00FC2AEAEB460095D7F0 /* DBDocuments.swift */ = {isa = PBXFileReference; lastKnownFileType = sourcecode.swift; path = DBDocuments.swift; sourceTree = "<group>"; };
		D6FF01582AE9AE63006CA085 /* Memory Lane.app */ = {isa = PBXFileReference; explicitFileType = wrapper.application; includeInIndex = 0; path = "Memory Lane.app"; sourceTree = BUILT_PRODUCTS_DIR; };
		D6FF015B2AE9AE63006CA085 /* Memory_LaneApp.swift */ = {isa = PBXFileReference; lastKnownFileType = sourcecode.swift; path = Memory_LaneApp.swift; sourceTree = "<group>"; };
		D6FF015D2AE9AE63006CA085 /* ContentView.swift */ = {isa = PBXFileReference; lastKnownFileType = sourcecode.swift; path = ContentView.swift; sourceTree = "<group>"; };
		D6FF015F2AE9AE65006CA085 /* Assets.xcassets */ = {isa = PBXFileReference; lastKnownFileType = folder.assetcatalog; path = Assets.xcassets; sourceTree = "<group>"; };
		D6FF01622AE9AE65006CA085 /* Preview Assets.xcassets */ = {isa = PBXFileReference; lastKnownFileType = folder.assetcatalog; path = "Preview Assets.xcassets"; sourceTree = "<group>"; };
		D6FF01682AE9AE66006CA085 /* Memory LaneTests.xctest */ = {isa = PBXFileReference; explicitFileType = wrapper.cfbundle; includeInIndex = 0; path = "Memory LaneTests.xctest"; sourceTree = BUILT_PRODUCTS_DIR; };
		D6FF016C2AE9AE66006CA085 /* Memory_LaneTests.swift */ = {isa = PBXFileReference; lastKnownFileType = sourcecode.swift; path = Memory_LaneTests.swift; sourceTree = "<group>"; };
		D6FF01722AE9AE66006CA085 /* Memory LaneUITests.xctest */ = {isa = PBXFileReference; explicitFileType = wrapper.cfbundle; includeInIndex = 0; path = "Memory LaneUITests.xctest"; sourceTree = BUILT_PRODUCTS_DIR; };
		D6FF01762AE9AE66006CA085 /* Memory_LaneUITests.swift */ = {isa = PBXFileReference; lastKnownFileType = sourcecode.swift; path = Memory_LaneUITests.swift; sourceTree = "<group>"; };
		D6FF01782AE9AE66006CA085 /* Memory_LaneUITestsLaunchTests.swift */ = {isa = PBXFileReference; lastKnownFileType = sourcecode.swift; path = Memory_LaneUITestsLaunchTests.swift; sourceTree = "<group>"; };
/* End PBXFileReference section */

/* Begin PBXFrameworksBuildPhase section */
		D6FF01552AE9AE63006CA085 /* Frameworks */ = {
			isa = PBXFrameworksBuildPhase;
			buildActionMask = 2147483647;
			files = (
				D6BB00D92AEAE85B0095D7F0 /* FirebaseDatabase in Frameworks */,
				D6BB00E72AEAE85B0095D7F0 /* FirebaseFunctionsCombine-Community in Frameworks */,
				D6BB00DF2AEAE85B0095D7F0 /* FirebaseFirestore in Frameworks */,
				D6BB00CB2AEAE85B0095D7F0 /* FirebaseAnalyticsSwift in Frameworks */,
				D6BB00C72AEAE85B0095D7F0 /* FirebaseAnalytics in Frameworks */,
				D6BB00C92AEAE85B0095D7F0 /* FirebaseAnalyticsOnDeviceConversion in Frameworks */,
				D6BB00EF2AEAE85B0095D7F0 /* FirebaseMLModelDownloader in Frameworks */,
				D6BB00E32AEAE85B0095D7F0 /* FirebaseFirestoreSwift in Frameworks */,
				D6BB00CF2AEAE85B0095D7F0 /* FirebaseAppCheck in Frameworks */,
				D6BB00CD2AEAE85B0095D7F0 /* FirebaseAnalyticsWithoutAdIdSupport in Frameworks */,
				D6BB00D32AEAE85B0095D7F0 /* FirebaseAuth in Frameworks */,
				D6BB00D72AEAE85B0095D7F0 /* FirebaseCrashlytics in Frameworks */,
				D6BB00F72AEAE85B0095D7F0 /* FirebaseRemoteConfigSwift in Frameworks */,
				D6BB00E92AEAE85B0095D7F0 /* FirebaseInAppMessaging-Beta in Frameworks */,
				D6BB00DB2AEAE85B0095D7F0 /* FirebaseDatabaseSwift in Frameworks */,
				D6BB00E52AEAE85B0095D7F0 /* FirebaseFunctions in Frameworks */,
				D6BB00FB2AEAE85B0095D7F0 /* FirebaseStorageCombine-Community in Frameworks */,
				D6BB00F52AEAE85B0095D7F0 /* FirebaseRemoteConfig in Frameworks */,
				D6BB00D12AEAE85B0095D7F0 /* FirebaseAppDistribution-Beta in Frameworks */,
				D6BB00D52AEAE85B0095D7F0 /* FirebaseAuthCombine-Community in Frameworks */,
				D6BB00F32AEAE85B0095D7F0 /* FirebasePerformance in Frameworks */,
				D6BB00EB2AEAE85B0095D7F0 /* FirebaseInAppMessagingSwift-Beta in Frameworks */,
				D6BB00F92AEAE85B0095D7F0 /* FirebaseStorage in Frameworks */,
				D6BB00DD2AEAE85B0095D7F0 /* FirebaseDynamicLinks in Frameworks */,
				D6BB00E12AEAE85B0095D7F0 /* FirebaseFirestoreCombine-Community in Frameworks */,
				D6BB00F12AEAE85B0095D7F0 /* FirebaseMessaging in Frameworks */,
				D6BB00ED2AEAE85B0095D7F0 /* FirebaseInstallations in Frameworks */,
			);
			runOnlyForDeploymentPostprocessing = 0;
		};
		D6FF01652AE9AE66006CA085 /* Frameworks */ = {
			isa = PBXFrameworksBuildPhase;
			buildActionMask = 2147483647;
			files = (
			);
			runOnlyForDeploymentPostprocessing = 0;
		};
		D6FF016F2AE9AE66006CA085 /* Frameworks */ = {
			isa = PBXFrameworksBuildPhase;
			buildActionMask = 2147483647;
			files = (
			);
			runOnlyForDeploymentPostprocessing = 0;
		};
/* End PBXFrameworksBuildPhase section */

/* Begin PBXGroup section */
		D6BB00BF2AEAE6130095D7F0 /* Views */ = {
			isa = PBXGroup;
			children = (
				D6FF015D2AE9AE63006CA085 /* ContentView.swift */,
				D6BB00BD2AEAE6060095D7F0 /* RegistrationView.swift */,
			);
			path = Views;
			sourceTree = "<group>";
		};
		D6BB00C02AEAE72B0095D7F0 /* Models */ = {
			isa = PBXGroup;
			children = (
				D6BB00C12AEAE73B0095D7F0 /* User.swift */,
				D62E45722AF184CF00DBF04B /* FirebaseApp.swift */,
				D6BB00C32AEAE79D0095D7F0 /* Post.swift */,
				D6BB00FC2AEAEB460095D7F0 /* DBDocuments.swift */,
			);
			path = Models;
			sourceTree = "<group>";
		};
		D6FF014F2AE9AE63006CA085 = {
			isa = PBXGroup;
			children = (
				D6FF015A2AE9AE63006CA085 /* Memory Lane */,
				D6FF016B2AE9AE66006CA085 /* Memory LaneTests */,
				D6FF01752AE9AE66006CA085 /* Memory LaneUITests */,
				D6FF01592AE9AE63006CA085 /* Products */,
			);
			sourceTree = "<group>";
		};
		D6FF01592AE9AE63006CA085 /* Products */ = {
			isa = PBXGroup;
			children = (
				D6FF01582AE9AE63006CA085 /* Memory Lane.app */,
				D6FF01682AE9AE66006CA085 /* Memory LaneTests.xctest */,
				D6FF01722AE9AE66006CA085 /* Memory LaneUITests.xctest */,
			);
			name = Products;
			sourceTree = "<group>";
		};
		D6FF015A2AE9AE63006CA085 /* Memory Lane */ = {
			isa = PBXGroup;
			children = (
				D6BB00C02AEAE72B0095D7F0 /* Models */,
				D6BB00BF2AEAE6130095D7F0 /* Views */,
				D6FF015B2AE9AE63006CA085 /* Memory_LaneApp.swift */,
				D6FF015F2AE9AE65006CA085 /* Assets.xcassets */,
				D6FF01612AE9AE65006CA085 /* Preview Content */,
			);
			path = "Memory Lane";
			sourceTree = "<group>";
		};
		D6FF01612AE9AE65006CA085 /* Preview Content */ = {
			isa = PBXGroup;
			children = (
				D6FF01622AE9AE65006CA085 /* Preview Assets.xcassets */,
			);
			path = "Preview Content";
			sourceTree = "<group>";
		};
		D6FF016B2AE9AE66006CA085 /* Memory LaneTests */ = {
			isa = PBXGroup;
			children = (
				D6FF016C2AE9AE66006CA085 /* Memory_LaneTests.swift */,
			);
			path = "Memory LaneTests";
			sourceTree = "<group>";
		};
		D6FF01752AE9AE66006CA085 /* Memory LaneUITests */ = {
			isa = PBXGroup;
			children = (
				D6FF01762AE9AE66006CA085 /* Memory_LaneUITests.swift */,
				D6FF01782AE9AE66006CA085 /* Memory_LaneUITestsLaunchTests.swift */,
			);
			path = "Memory LaneUITests";
			sourceTree = "<group>";
		};
/* End PBXGroup section */

/* Begin PBXNativeTarget section */
		D6FF01572AE9AE63006CA085 /* Memory Lane */ = {
			isa = PBXNativeTarget;
			buildConfigurationList = D6FF017C2AE9AE66006CA085 /* Build configuration list for PBXNativeTarget "Memory Lane" */;
			buildPhases = (
				D6FF01542AE9AE63006CA085 /* Sources */,
				D6FF01552AE9AE63006CA085 /* Frameworks */,
				D6FF01562AE9AE63006CA085 /* Resources */,
			);
			buildRules = (
			);
			dependencies = (
			);
			name = "Memory Lane";
			packageProductDependencies = (
				D6BB00C62AEAE85B0095D7F0 /* FirebaseAnalytics */,
				D6BB00C82AEAE85B0095D7F0 /* FirebaseAnalyticsOnDeviceConversion */,
				D6BB00CA2AEAE85B0095D7F0 /* FirebaseAnalyticsSwift */,
				D6BB00CC2AEAE85B0095D7F0 /* FirebaseAnalyticsWithoutAdIdSupport */,
				D6BB00CE2AEAE85B0095D7F0 /* FirebaseAppCheck */,
				D6BB00D02AEAE85B0095D7F0 /* FirebaseAppDistribution-Beta */,
				D6BB00D22AEAE85B0095D7F0 /* FirebaseAuth */,
				D6BB00D42AEAE85B0095D7F0 /* FirebaseAuthCombine-Community */,
				D6BB00D62AEAE85B0095D7F0 /* FirebaseCrashlytics */,
				D6BB00D82AEAE85B0095D7F0 /* FirebaseDatabase */,
				D6BB00DA2AEAE85B0095D7F0 /* FirebaseDatabaseSwift */,
				D6BB00DC2AEAE85B0095D7F0 /* FirebaseDynamicLinks */,
				D6BB00DE2AEAE85B0095D7F0 /* FirebaseFirestore */,
				D6BB00E02AEAE85B0095D7F0 /* FirebaseFirestoreCombine-Community */,
				D6BB00E22AEAE85B0095D7F0 /* FirebaseFirestoreSwift */,
				D6BB00E42AEAE85B0095D7F0 /* FirebaseFunctions */,
				D6BB00E62AEAE85B0095D7F0 /* FirebaseFunctionsCombine-Community */,
				D6BB00E82AEAE85B0095D7F0 /* FirebaseInAppMessaging-Beta */,
				D6BB00EA2AEAE85B0095D7F0 /* FirebaseInAppMessagingSwift-Beta */,
				D6BB00EC2AEAE85B0095D7F0 /* FirebaseInstallations */,
				D6BB00EE2AEAE85B0095D7F0 /* FirebaseMLModelDownloader */,
				D6BB00F02AEAE85B0095D7F0 /* FirebaseMessaging */,
				D6BB00F22AEAE85B0095D7F0 /* FirebasePerformance */,
				D6BB00F42AEAE85B0095D7F0 /* FirebaseRemoteConfig */,
				D6BB00F62AEAE85B0095D7F0 /* FirebaseRemoteConfigSwift */,
				D6BB00F82AEAE85B0095D7F0 /* FirebaseStorage */,
				D6BB00FA2AEAE85B0095D7F0 /* FirebaseStorageCombine-Community */,
			);
			productName = "Memory Lane";
			productReference = D6FF01582AE9AE63006CA085 /* Memory Lane.app */;
			productType = "com.apple.product-type.application";
		};
		D6FF01672AE9AE66006CA085 /* Memory LaneTests */ = {
			isa = PBXNativeTarget;
			buildConfigurationList = D6FF017F2AE9AE66006CA085 /* Build configuration list for PBXNativeTarget "Memory LaneTests" */;
			buildPhases = (
				D6FF01642AE9AE66006CA085 /* Sources */,
				D6FF01652AE9AE66006CA085 /* Frameworks */,
				D6FF01662AE9AE66006CA085 /* Resources */,
			);
			buildRules = (
			);
			dependencies = (
				D6FF016A2AE9AE66006CA085 /* PBXTargetDependency */,
			);
			name = "Memory LaneTests";
			productName = "Memory LaneTests";
			productReference = D6FF01682AE9AE66006CA085 /* Memory LaneTests.xctest */;
			productType = "com.apple.product-type.bundle.unit-test";
		};
		D6FF01712AE9AE66006CA085 /* Memory LaneUITests */ = {
			isa = PBXNativeTarget;
			buildConfigurationList = D6FF01822AE9AE66006CA085 /* Build configuration list for PBXNativeTarget "Memory LaneUITests" */;
			buildPhases = (
				D6FF016E2AE9AE66006CA085 /* Sources */,
				D6FF016F2AE9AE66006CA085 /* Frameworks */,
				D6FF01702AE9AE66006CA085 /* Resources */,
			);
			buildRules = (
			);
			dependencies = (
				D6FF01742AE9AE66006CA085 /* PBXTargetDependency */,
			);
			name = "Memory LaneUITests";
			productName = "Memory LaneUITests";
			productReference = D6FF01722AE9AE66006CA085 /* Memory LaneUITests.xctest */;
			productType = "com.apple.product-type.bundle.ui-testing";
		};
/* End PBXNativeTarget section */

/* Begin PBXProject section */
		D6FF01502AE9AE63006CA085 /* Project object */ = {
			isa = PBXProject;
			attributes = {
				BuildIndependentTargetsInParallel = 1;
				LastSwiftUpdateCheck = 1430;
				LastUpgradeCheck = 1430;
				TargetAttributes = {
					D6FF01572AE9AE63006CA085 = {
						CreatedOnToolsVersion = 14.3.1;
					};
					D6FF01672AE9AE66006CA085 = {
						CreatedOnToolsVersion = 14.3.1;
						TestTargetID = D6FF01572AE9AE63006CA085;
					};
					D6FF01712AE9AE66006CA085 = {
						CreatedOnToolsVersion = 14.3.1;
						TestTargetID = D6FF01572AE9AE63006CA085;
					};
				};
			};
			buildConfigurationList = D6FF01532AE9AE63006CA085 /* Build configuration list for PBXProject "Memory Lane" */;
			compatibilityVersion = "Xcode 14.0";
			developmentRegion = en;
			hasScannedForEncodings = 0;
			knownRegions = (
				en,
				Base,
			);
			mainGroup = D6FF014F2AE9AE63006CA085;
			packageReferences = (
				D6BB00C52AEAE85B0095D7F0 /* XCRemoteSwiftPackageReference "firebase-ios-sdk" */,
			);
			productRefGroup = D6FF01592AE9AE63006CA085 /* Products */;
			projectDirPath = "";
			projectRoot = "";
			targets = (
				D6FF01572AE9AE63006CA085 /* Memory Lane */,
				D6FF01672AE9AE66006CA085 /* Memory LaneTests */,
				D6FF01712AE9AE66006CA085 /* Memory LaneUITests */,
			);
		};
/* End PBXProject section */

/* Begin PBXResourcesBuildPhase section */
		D6FF01562AE9AE63006CA085 /* Resources */ = {
			isa = PBXResourcesBuildPhase;
			buildActionMask = 2147483647;
			files = (
				D6FF01632AE9AE65006CA085 /* Preview Assets.xcassets in Resources */,
				D6FF01602AE9AE65006CA085 /* Assets.xcassets in Resources */,
			);
			runOnlyForDeploymentPostprocessing = 0;
		};
		D6FF01662AE9AE66006CA085 /* Resources */ = {
			isa = PBXResourcesBuildPhase;
			buildActionMask = 2147483647;
			files = (
			);
			runOnlyForDeploymentPostprocessing = 0;
		};
		D6FF01702AE9AE66006CA085 /* Resources */ = {
			isa = PBXResourcesBuildPhase;
			buildActionMask = 2147483647;
			files = (
			);
			runOnlyForDeploymentPostprocessing = 0;
		};
/* End PBXResourcesBuildPhase section */

/* Begin PBXSourcesBuildPhase section */
		D6FF01542AE9AE63006CA085 /* Sources */ = {
			isa = PBXSourcesBuildPhase;
			buildActionMask = 2147483647;
			files = (
				D6BB00FD2AEAEB460095D7F0 /* DBDocuments.swift in Sources */,
				D6BB00C22AEAE73B0095D7F0 /* User.swift in Sources */,
				D6BB00BE2AEAE6060095D7F0 /* RegistrationView.swift in Sources */,
				D6FF015E2AE9AE63006CA085 /* ContentView.swift in Sources */,
				D6FF015C2AE9AE63006CA085 /* Memory_LaneApp.swift in Sources */,
				D6BB00C42AEAE79D0095D7F0 /* Post.swift in Sources */,
				D62E45732AF184CF00DBF04B /* FirebaseApp.swift in Sources */,
			);
			runOnlyForDeploymentPostprocessing = 0;
		};
		D6FF01642AE9AE66006CA085 /* Sources */ = {
			isa = PBXSourcesBuildPhase;
			buildActionMask = 2147483647;
			files = (
				D6FF016D2AE9AE66006CA085 /* Memory_LaneTests.swift in Sources */,
			);
			runOnlyForDeploymentPostprocessing = 0;
		};
		D6FF016E2AE9AE66006CA085 /* Sources */ = {
			isa = PBXSourcesBuildPhase;
			buildActionMask = 2147483647;
			files = (
				D6FF01772AE9AE66006CA085 /* Memory_LaneUITests.swift in Sources */,
				D6FF01792AE9AE66006CA085 /* Memory_LaneUITestsLaunchTests.swift in Sources */,
			);
			runOnlyForDeploymentPostprocessing = 0;
		};
/* End PBXSourcesBuildPhase section */

/* Begin PBXTargetDependency section */
		D6FF016A2AE9AE66006CA085 /* PBXTargetDependency */ = {
			isa = PBXTargetDependency;
			target = D6FF01572AE9AE63006CA085 /* Memory Lane */;
			targetProxy = D6FF01692AE9AE66006CA085 /* PBXContainerItemProxy */;
		};
		D6FF01742AE9AE66006CA085 /* PBXTargetDependency */ = {
			isa = PBXTargetDependency;
			target = D6FF01572AE9AE63006CA085 /* Memory Lane */;
			targetProxy = D6FF01732AE9AE66006CA085 /* PBXContainerItemProxy */;
		};
/* End PBXTargetDependency section */

/* Begin XCBuildConfiguration section */
		D6FF017A2AE9AE66006CA085 /* Debug */ = {
			isa = XCBuildConfiguration;
			buildSettings = {
				ALWAYS_SEARCH_USER_PATHS = NO;
				CLANG_ANALYZER_NONNULL = YES;
				CLANG_ANALYZER_NUMBER_OBJECT_CONVERSION = YES_AGGRESSIVE;
				CLANG_CXX_LANGUAGE_STANDARD = "gnu++20";
				CLANG_ENABLE_MODULES = YES;
				CLANG_ENABLE_OBJC_ARC = YES;
				CLANG_ENABLE_OBJC_WEAK = YES;
				CLANG_WARN_BLOCK_CAPTURE_AUTORELEASING = YES;
				CLANG_WARN_BOOL_CONVERSION = YES;
				CLANG_WARN_COMMA = YES;
				CLANG_WARN_CONSTANT_CONVERSION = YES;
				CLANG_WARN_DEPRECATED_OBJC_IMPLEMENTATIONS = YES;
				CLANG_WARN_DIRECT_OBJC_ISA_USAGE = YES_ERROR;
				CLANG_WARN_DOCUMENTATION_COMMENTS = YES;
				CLANG_WARN_EMPTY_BODY = YES;
				CLANG_WARN_ENUM_CONVERSION = YES;
				CLANG_WARN_INFINITE_RECURSION = YES;
				CLANG_WARN_INT_CONVERSION = YES;
				CLANG_WARN_NON_LITERAL_NULL_CONVERSION = YES;
				CLANG_WARN_OBJC_IMPLICIT_RETAIN_SELF = YES;
				CLANG_WARN_OBJC_LITERAL_CONVERSION = YES;
				CLANG_WARN_OBJC_ROOT_CLASS = YES_ERROR;
				CLANG_WARN_QUOTED_INCLUDE_IN_FRAMEWORK_HEADER = YES;
				CLANG_WARN_RANGE_LOOP_ANALYSIS = YES;
				CLANG_WARN_STRICT_PROTOTYPES = YES;
				CLANG_WARN_SUSPICIOUS_MOVE = YES;
				CLANG_WARN_UNGUARDED_AVAILABILITY = YES_AGGRESSIVE;
				CLANG_WARN_UNREACHABLE_CODE = YES;
				CLANG_WARN__DUPLICATE_METHOD_MATCH = YES;
				COPY_PHASE_STRIP = NO;
				DEBUG_INFORMATION_FORMAT = dwarf;
				ENABLE_STRICT_OBJC_MSGSEND = YES;
				ENABLE_TESTABILITY = YES;
				GCC_C_LANGUAGE_STANDARD = gnu11;
				GCC_DYNAMIC_NO_PIC = NO;
				GCC_NO_COMMON_BLOCKS = YES;
				GCC_OPTIMIZATION_LEVEL = 0;
				GCC_PREPROCESSOR_DEFINITIONS = (
					"DEBUG=1",
					"$(inherited)",
				);
				GCC_WARN_64_TO_32_BIT_CONVERSION = YES;
				GCC_WARN_ABOUT_RETURN_TYPE = YES_ERROR;
				GCC_WARN_UNDECLARED_SELECTOR = YES;
				GCC_WARN_UNINITIALIZED_AUTOS = YES_AGGRESSIVE;
				GCC_WARN_UNUSED_FUNCTION = YES;
				GCC_WARN_UNUSED_VARIABLE = YES;
				IPHONEOS_DEPLOYMENT_TARGET = 16.4;
				MTL_ENABLE_DEBUG_INFO = INCLUDE_SOURCE;
				MTL_FAST_MATH = YES;
				ONLY_ACTIVE_ARCH = YES;
				SDKROOT = iphoneos;
				SWIFT_ACTIVE_COMPILATION_CONDITIONS = DEBUG;
				SWIFT_OPTIMIZATION_LEVEL = "-Onone";
			};
			name = Debug;
		};
		D6FF017B2AE9AE66006CA085 /* Release */ = {
			isa = XCBuildConfiguration;
			buildSettings = {
				ALWAYS_SEARCH_USER_PATHS = NO;
				CLANG_ANALYZER_NONNULL = YES;
				CLANG_ANALYZER_NUMBER_OBJECT_CONVERSION = YES_AGGRESSIVE;
				CLANG_CXX_LANGUAGE_STANDARD = "gnu++20";
				CLANG_ENABLE_MODULES = YES;
				CLANG_ENABLE_OBJC_ARC = YES;
				CLANG_ENABLE_OBJC_WEAK = YES;
				CLANG_WARN_BLOCK_CAPTURE_AUTORELEASING = YES;
				CLANG_WARN_BOOL_CONVERSION = YES;
				CLANG_WARN_COMMA = YES;
				CLANG_WARN_CONSTANT_CONVERSION = YES;
				CLANG_WARN_DEPRECATED_OBJC_IMPLEMENTATIONS = YES;
				CLANG_WARN_DIRECT_OBJC_ISA_USAGE = YES_ERROR;
				CLANG_WARN_DOCUMENTATION_COMMENTS = YES;
				CLANG_WARN_EMPTY_BODY = YES;
				CLANG_WARN_ENUM_CONVERSION = YES;
				CLANG_WARN_INFINITE_RECURSION = YES;
				CLANG_WARN_INT_CONVERSION = YES;
				CLANG_WARN_NON_LITERAL_NULL_CONVERSION = YES;
				CLANG_WARN_OBJC_IMPLICIT_RETAIN_SELF = YES;
				CLANG_WARN_OBJC_LITERAL_CONVERSION = YES;
				CLANG_WARN_OBJC_ROOT_CLASS = YES_ERROR;
				CLANG_WARN_QUOTED_INCLUDE_IN_FRAMEWORK_HEADER = YES;
				CLANG_WARN_RANGE_LOOP_ANALYSIS = YES;
				CLANG_WARN_STRICT_PROTOTYPES = YES;
				CLANG_WARN_SUSPICIOUS_MOVE = YES;
				CLANG_WARN_UNGUARDED_AVAILABILITY = YES_AGGRESSIVE;
				CLANG_WARN_UNREACHABLE_CODE = YES;
				CLANG_WARN__DUPLICATE_METHOD_MATCH = YES;
				COPY_PHASE_STRIP = NO;
				DEBUG_INFORMATION_FORMAT = "dwarf-with-dsym";
				ENABLE_NS_ASSERTIONS = NO;
				ENABLE_STRICT_OBJC_MSGSEND = YES;
				GCC_C_LANGUAGE_STANDARD = gnu11;
				GCC_NO_COMMON_BLOCKS = YES;
				GCC_WARN_64_TO_32_BIT_CONVERSION = YES;
				GCC_WARN_ABOUT_RETURN_TYPE = YES_ERROR;
				GCC_WARN_UNDECLARED_SELECTOR = YES;
				GCC_WARN_UNINITIALIZED_AUTOS = YES_AGGRESSIVE;
				GCC_WARN_UNUSED_FUNCTION = YES;
				GCC_WARN_UNUSED_VARIABLE = YES;
				IPHONEOS_DEPLOYMENT_TARGET = 16.4;
				MTL_ENABLE_DEBUG_INFO = NO;
				MTL_FAST_MATH = YES;
				SDKROOT = iphoneos;
				SWIFT_COMPILATION_MODE = wholemodule;
				SWIFT_OPTIMIZATION_LEVEL = "-O";
				VALIDATE_PRODUCT = YES;
			};
			name = Release;
		};
		D6FF017D2AE9AE66006CA085 /* Debug */ = {
			isa = XCBuildConfiguration;
			buildSettings = {
				ASSETCATALOG_COMPILER_APPICON_NAME = AppIcon;
				ASSETCATALOG_COMPILER_GLOBAL_ACCENT_COLOR_NAME = AccentColor;
				CODE_SIGN_STYLE = Automatic;
				CURRENT_PROJECT_VERSION = 1;
				DEVELOPMENT_ASSET_PATHS = "\"Memory Lane/Preview Content\"";
				ENABLE_PREVIEWS = YES;
				GENERATE_INFOPLIST_FILE = YES;
				INFOPLIST_KEY_UIApplicationSceneManifest_Generation = YES;
				INFOPLIST_KEY_UIApplicationSupportsIndirectInputEvents = YES;
				INFOPLIST_KEY_UILaunchScreen_Generation = YES;
				INFOPLIST_KEY_UISupportedInterfaceOrientations_iPad = "UIInterfaceOrientationPortrait UIInterfaceOrientationPortraitUpsideDown UIInterfaceOrientationLandscapeLeft UIInterfaceOrientationLandscapeRight";
				INFOPLIST_KEY_UISupportedInterfaceOrientations_iPhone = "UIInterfaceOrientationPortrait UIInterfaceOrientationLandscapeLeft UIInterfaceOrientationLandscapeRight";
				LD_RUNPATH_SEARCH_PATHS = (
					"$(inherited)",
					"@executable_path/Frameworks",
				);
				MARKETING_VERSION = 1.0;
				PRODUCT_BUNDLE_IDENTIFIER = "mobileappdev.Memory-Lane";
				PRODUCT_NAME = "$(TARGET_NAME)";
				SWIFT_EMIT_LOC_STRINGS = YES;
				SWIFT_VERSION = 5.0;
				TARGETED_DEVICE_FAMILY = "1,2";
			};
			name = Debug;
		};
		D6FF017E2AE9AE66006CA085 /* Release */ = {
			isa = XCBuildConfiguration;
			buildSettings = {
				ASSETCATALOG_COMPILER_APPICON_NAME = AppIcon;
				ASSETCATALOG_COMPILER_GLOBAL_ACCENT_COLOR_NAME = AccentColor;
				CODE_SIGN_STYLE = Automatic;
				CURRENT_PROJECT_VERSION = 1;
				DEVELOPMENT_ASSET_PATHS = "\"Memory Lane/Preview Content\"";
				ENABLE_PREVIEWS = YES;
				GENERATE_INFOPLIST_FILE = YES;
				INFOPLIST_KEY_UIApplicationSceneManifest_Generation = YES;
				INFOPLIST_KEY_UIApplicationSupportsIndirectInputEvents = YES;
				INFOPLIST_KEY_UILaunchScreen_Generation = YES;
				INFOPLIST_KEY_UISupportedInterfaceOrientations_iPad = "UIInterfaceOrientationPortrait UIInterfaceOrientationPortraitUpsideDown UIInterfaceOrientationLandscapeLeft UIInterfaceOrientationLandscapeRight";
				INFOPLIST_KEY_UISupportedInterfaceOrientations_iPhone = "UIInterfaceOrientationPortrait UIInterfaceOrientationLandscapeLeft UIInterfaceOrientationLandscapeRight";
				LD_RUNPATH_SEARCH_PATHS = (
					"$(inherited)",
					"@executable_path/Frameworks",
				);
				MARKETING_VERSION = 1.0;
				PRODUCT_BUNDLE_IDENTIFIER = "mobileappdev.Memory-Lane";
				PRODUCT_NAME = "$(TARGET_NAME)";
				SWIFT_EMIT_LOC_STRINGS = YES;
				SWIFT_VERSION = 5.0;
				TARGETED_DEVICE_FAMILY = "1,2";
			};
			name = Release;
		};
		D6FF01802AE9AE66006CA085 /* Debug */ = {
			isa = XCBuildConfiguration;
			buildSettings = {
				ALWAYS_EMBED_SWIFT_STANDARD_LIBRARIES = YES;
				BUNDLE_LOADER = "$(TEST_HOST)";
				CODE_SIGN_STYLE = Automatic;
				CURRENT_PROJECT_VERSION = 1;
				GENERATE_INFOPLIST_FILE = YES;
				IPHONEOS_DEPLOYMENT_TARGET = 16.4;
				MARKETING_VERSION = 1.0;
				PRODUCT_BUNDLE_IDENTIFIER = "mobileappdev.Memory-LaneTests";
				PRODUCT_NAME = "$(TARGET_NAME)";
				SWIFT_EMIT_LOC_STRINGS = NO;
				SWIFT_VERSION = 5.0;
				TARGETED_DEVICE_FAMILY = "1,2";
				TEST_HOST = "$(BUILT_PRODUCTS_DIR)/Memory Lane.app/$(BUNDLE_EXECUTABLE_FOLDER_PATH)/Memory Lane";
			};
			name = Debug;
		};
		D6FF01812AE9AE66006CA085 /* Release */ = {
			isa = XCBuildConfiguration;
			buildSettings = {
				ALWAYS_EMBED_SWIFT_STANDARD_LIBRARIES = YES;
				BUNDLE_LOADER = "$(TEST_HOST)";
				CODE_SIGN_STYLE = Automatic;
				CURRENT_PROJECT_VERSION = 1;
				GENERATE_INFOPLIST_FILE = YES;
				IPHONEOS_DEPLOYMENT_TARGET = 16.4;
				MARKETING_VERSION = 1.0;
				PRODUCT_BUNDLE_IDENTIFIER = "mobileappdev.Memory-LaneTests";
				PRODUCT_NAME = "$(TARGET_NAME)";
				SWIFT_EMIT_LOC_STRINGS = NO;
				SWIFT_VERSION = 5.0;
				TARGETED_DEVICE_FAMILY = "1,2";
				TEST_HOST = "$(BUILT_PRODUCTS_DIR)/Memory Lane.app/$(BUNDLE_EXECUTABLE_FOLDER_PATH)/Memory Lane";
			};
			name = Release;
		};
		D6FF01832AE9AE66006CA085 /* Debug */ = {
			isa = XCBuildConfiguration;
			buildSettings = {
				ALWAYS_EMBED_SWIFT_STANDARD_LIBRARIES = YES;
				CODE_SIGN_STYLE = Automatic;
				CURRENT_PROJECT_VERSION = 1;
				GENERATE_INFOPLIST_FILE = YES;
				MARKETING_VERSION = 1.0;
				PRODUCT_BUNDLE_IDENTIFIER = "mobileappdev.Memory-LaneUITests";
				PRODUCT_NAME = "$(TARGET_NAME)";
				SWIFT_EMIT_LOC_STRINGS = NO;
				SWIFT_VERSION = 5.0;
				TARGETED_DEVICE_FAMILY = "1,2";
				TEST_TARGET_NAME = "Memory Lane";
			};
			name = Debug;
		};
		D6FF01842AE9AE66006CA085 /* Release */ = {
			isa = XCBuildConfiguration;
			buildSettings = {
				ALWAYS_EMBED_SWIFT_STANDARD_LIBRARIES = YES;
				CODE_SIGN_STYLE = Automatic;
				CURRENT_PROJECT_VERSION = 1;
				GENERATE_INFOPLIST_FILE = YES;
				MARKETING_VERSION = 1.0;
				PRODUCT_BUNDLE_IDENTIFIER = "mobileappdev.Memory-LaneUITests";
				PRODUCT_NAME = "$(TARGET_NAME)";
				SWIFT_EMIT_LOC_STRINGS = NO;
				SWIFT_VERSION = 5.0;
				TARGETED_DEVICE_FAMILY = "1,2";
				TEST_TARGET_NAME = "Memory Lane";
			};
			name = Release;
		};
/* End XCBuildConfiguration section */

/* Begin XCConfigurationList section */
		D6FF01532AE9AE63006CA085 /* Build configuration list for PBXProject "Memory Lane" */ = {
			isa = XCConfigurationList;
			buildConfigurations = (
				D6FF017A2AE9AE66006CA085 /* Debug */,
				D6FF017B2AE9AE66006CA085 /* Release */,
			);
			defaultConfigurationIsVisible = 0;
			defaultConfigurationName = Release;
		};
		D6FF017C2AE9AE66006CA085 /* Build configuration list for PBXNativeTarget "Memory Lane" */ = {
			isa = XCConfigurationList;
			buildConfigurations = (
				D6FF017D2AE9AE66006CA085 /* Debug */,
				D6FF017E2AE9AE66006CA085 /* Release */,
			);
			defaultConfigurationIsVisible = 0;
			defaultConfigurationName = Release;
		};
		D6FF017F2AE9AE66006CA085 /* Build configuration list for PBXNativeTarget "Memory LaneTests" */ = {
			isa = XCConfigurationList;
			buildConfigurations = (
				D6FF01802AE9AE66006CA085 /* Debug */,
				D6FF01812AE9AE66006CA085 /* Release */,
			);
			defaultConfigurationIsVisible = 0;
			defaultConfigurationName = Release;
		};
		D6FF01822AE9AE66006CA085 /* Build configuration list for PBXNativeTarget "Memory LaneUITests" */ = {
			isa = XCConfigurationList;
			buildConfigurations = (
				D6FF01832AE9AE66006CA085 /* Debug */,
				D6FF01842AE9AE66006CA085 /* Release */,
			);
			defaultConfigurationIsVisible = 0;
			defaultConfigurationName = Release;
		};
/* End XCConfigurationList section */

/* Begin XCRemoteSwiftPackageReference section */
		D6BB00C52AEAE85B0095D7F0 /* XCRemoteSwiftPackageReference "firebase-ios-sdk" */ = {
			isa = XCRemoteSwiftPackageReference;
			repositoryURL = "https://github.com/firebase/firebase-ios-sdk.git";
			requirement = {
				kind = upToNextMajorVersion;
				minimumVersion = 10.0.0;
			};
		};
/* End XCRemoteSwiftPackageReference section */

/* Begin XCSwiftPackageProductDependency section */
		D6BB00C62AEAE85B0095D7F0 /* FirebaseAnalytics */ = {
			isa = XCSwiftPackageProductDependency;
			package = D6BB00C52AEAE85B0095D7F0 /* XCRemoteSwiftPackageReference "firebase-ios-sdk" */;
			productName = FirebaseAnalytics;
		};
		D6BB00C82AEAE85B0095D7F0 /* FirebaseAnalyticsOnDeviceConversion */ = {
			isa = XCSwiftPackageProductDependency;
			package = D6BB00C52AEAE85B0095D7F0 /* XCRemoteSwiftPackageReference "firebase-ios-sdk" */;
			productName = FirebaseAnalyticsOnDeviceConversion;
		};
		D6BB00CA2AEAE85B0095D7F0 /* FirebaseAnalyticsSwift */ = {
			isa = XCSwiftPackageProductDependency;
			package = D6BB00C52AEAE85B0095D7F0 /* XCRemoteSwiftPackageReference "firebase-ios-sdk" */;
			productName = FirebaseAnalyticsSwift;
		};
		D6BB00CC2AEAE85B0095D7F0 /* FirebaseAnalyticsWithoutAdIdSupport */ = {
			isa = XCSwiftPackageProductDependency;
			package = D6BB00C52AEAE85B0095D7F0 /* XCRemoteSwiftPackageReference "firebase-ios-sdk" */;
			productName = FirebaseAnalyticsWithoutAdIdSupport;
		};
		D6BB00CE2AEAE85B0095D7F0 /* FirebaseAppCheck */ = {
			isa = XCSwiftPackageProductDependency;
			package = D6BB00C52AEAE85B0095D7F0 /* XCRemoteSwiftPackageReference "firebase-ios-sdk" */;
			productName = FirebaseAppCheck;
		};
		D6BB00D02AEAE85B0095D7F0 /* FirebaseAppDistribution-Beta */ = {
			isa = XCSwiftPackageProductDependency;
			package = D6BB00C52AEAE85B0095D7F0 /* XCRemoteSwiftPackageReference "firebase-ios-sdk" */;
			productName = "FirebaseAppDistribution-Beta";
		};
		D6BB00D22AEAE85B0095D7F0 /* FirebaseAuth */ = {
			isa = XCSwiftPackageProductDependency;
			package = D6BB00C52AEAE85B0095D7F0 /* XCRemoteSwiftPackageReference "firebase-ios-sdk" */;
			productName = FirebaseAuth;
		};
		D6BB00D42AEAE85B0095D7F0 /* FirebaseAuthCombine-Community */ = {
			isa = XCSwiftPackageProductDependency;
			package = D6BB00C52AEAE85B0095D7F0 /* XCRemoteSwiftPackageReference "firebase-ios-sdk" */;
			productName = "FirebaseAuthCombine-Community";
		};
		D6BB00D62AEAE85B0095D7F0 /* FirebaseCrashlytics */ = {
			isa = XCSwiftPackageProductDependency;
			package = D6BB00C52AEAE85B0095D7F0 /* XCRemoteSwiftPackageReference "firebase-ios-sdk" */;
			productName = FirebaseCrashlytics;
		};
		D6BB00D82AEAE85B0095D7F0 /* FirebaseDatabase */ = {
			isa = XCSwiftPackageProductDependency;
			package = D6BB00C52AEAE85B0095D7F0 /* XCRemoteSwiftPackageReference "firebase-ios-sdk" */;
			productName = FirebaseDatabase;
		};
		D6BB00DA2AEAE85B0095D7F0 /* FirebaseDatabaseSwift */ = {
			isa = XCSwiftPackageProductDependency;
			package = D6BB00C52AEAE85B0095D7F0 /* XCRemoteSwiftPackageReference "firebase-ios-sdk" */;
			productName = FirebaseDatabaseSwift;
		};
		D6BB00DC2AEAE85B0095D7F0 /* FirebaseDynamicLinks */ = {
			isa = XCSwiftPackageProductDependency;
			package = D6BB00C52AEAE85B0095D7F0 /* XCRemoteSwiftPackageReference "firebase-ios-sdk" */;
			productName = FirebaseDynamicLinks;
		};
		D6BB00DE2AEAE85B0095D7F0 /* FirebaseFirestore */ = {
			isa = XCSwiftPackageProductDependency;
			package = D6BB00C52AEAE85B0095D7F0 /* XCRemoteSwiftPackageReference "firebase-ios-sdk" */;
			productName = FirebaseFirestore;
		};
		D6BB00E02AEAE85B0095D7F0 /* FirebaseFirestoreCombine-Community */ = {
			isa = XCSwiftPackageProductDependency;
			package = D6BB00C52AEAE85B0095D7F0 /* XCRemoteSwiftPackageReference "firebase-ios-sdk" */;
			productName = "FirebaseFirestoreCombine-Community";
		};
		D6BB00E22AEAE85B0095D7F0 /* FirebaseFirestoreSwift */ = {
			isa = XCSwiftPackageProductDependency;
			package = D6BB00C52AEAE85B0095D7F0 /* XCRemoteSwiftPackageReference "firebase-ios-sdk" */;
			productName = FirebaseFirestoreSwift;
		};
		D6BB00E42AEAE85B0095D7F0 /* FirebaseFunctions */ = {
			isa = XCSwiftPackageProductDependency;
			package = D6BB00C52AEAE85B0095D7F0 /* XCRemoteSwiftPackageReference "firebase-ios-sdk" */;
			productName = FirebaseFunctions;
		};
		D6BB00E62AEAE85B0095D7F0 /* FirebaseFunctionsCombine-Community */ = {
			isa = XCSwiftPackageProductDependency;
			package = D6BB00C52AEAE85B0095D7F0 /* XCRemoteSwiftPackageReference "firebase-ios-sdk" */;
			productName = "FirebaseFunctionsCombine-Community";
		};
		D6BB00E82AEAE85B0095D7F0 /* FirebaseInAppMessaging-Beta */ = {
			isa = XCSwiftPackageProductDependency;
			package = D6BB00C52AEAE85B0095D7F0 /* XCRemoteSwiftPackageReference "firebase-ios-sdk" */;
			productName = "FirebaseInAppMessaging-Beta";
		};
		D6BB00EA2AEAE85B0095D7F0 /* FirebaseInAppMessagingSwift-Beta */ = {
			isa = XCSwiftPackageProductDependency;
			package = D6BB00C52AEAE85B0095D7F0 /* XCRemoteSwiftPackageReference "firebase-ios-sdk" */;
			productName = "FirebaseInAppMessagingSwift-Beta";
		};
		D6BB00EC2AEAE85B0095D7F0 /* FirebaseInstallations */ = {
			isa = XCSwiftPackageProductDependency;
			package = D6BB00C52AEAE85B0095D7F0 /* XCRemoteSwiftPackageReference "firebase-ios-sdk" */;
			productName = FirebaseInstallations;
		};
		D6BB00EE2AEAE85B0095D7F0 /* FirebaseMLModelDownloader */ = {
			isa = XCSwiftPackageProductDependency;
			package = D6BB00C52AEAE85B0095D7F0 /* XCRemoteSwiftPackageReference "firebase-ios-sdk" */;
			productName = FirebaseMLModelDownloader;
		};
		D6BB00F02AEAE85B0095D7F0 /* FirebaseMessaging */ = {
			isa = XCSwiftPackageProductDependency;
			package = D6BB00C52AEAE85B0095D7F0 /* XCRemoteSwiftPackageReference "firebase-ios-sdk" */;
			productName = FirebaseMessaging;
		};
		D6BB00F22AEAE85B0095D7F0 /* FirebasePerformance */ = {
			isa = XCSwiftPackageProductDependency;
			package = D6BB00C52AEAE85B0095D7F0 /* XCRemoteSwiftPackageReference "firebase-ios-sdk" */;
			productName = FirebasePerformance;
		};
		D6BB00F42AEAE85B0095D7F0 /* FirebaseRemoteConfig */ = {
			isa = XCSwiftPackageProductDependency;
			package = D6BB00C52AEAE85B0095D7F0 /* XCRemoteSwiftPackageReference "firebase-ios-sdk" */;
			productName = FirebaseRemoteConfig;
		};
		D6BB00F62AEAE85B0095D7F0 /* FirebaseRemoteConfigSwift */ = {
			isa = XCSwiftPackageProductDependency;
			package = D6BB00C52AEAE85B0095D7F0 /* XCRemoteSwiftPackageReference "firebase-ios-sdk" */;
			productName = FirebaseRemoteConfigSwift;
		};
		D6BB00F82AEAE85B0095D7F0 /* FirebaseStorage */ = {
			isa = XCSwiftPackageProductDependency;
			package = D6BB00C52AEAE85B0095D7F0 /* XCRemoteSwiftPackageReference "firebase-ios-sdk" */;
			productName = FirebaseStorage;
		};
		D6BB00FA2AEAE85B0095D7F0 /* FirebaseStorageCombine-Community */ = {
			isa = XCSwiftPackageProductDependency;
			package = D6BB00C52AEAE85B0095D7F0 /* XCRemoteSwiftPackageReference "firebase-ios-sdk" */;
			productName = "FirebaseStorageCombine-Community";
		};
/* End XCSwiftPackageProductDependency section */
	};
	rootObject = D6FF01502AE9AE63006CA085 /* Project object */;
}
